
Microsoft Visual Studio Solution File, Format Version 12.00
# Visual Studio 15
VisualStudioVersion = 15.0.28307.902
MinimumVisualStudioVersion = 10.0.40219.1
Project("{FAE04EC0-301F-11D3-BF4B-00C04F79EFBC}") = "Practice_Mvc", "Practice_Mvc\Practice_Mvc.csproj", "{5164CE17-99A4-43E2-9A39-C8CB98635330}"
EndProject
Global
	GlobalSection(SolutionConfigurationPlatforms) = preSolution
		Debug|Any CPU = Debug|Any CPU
		Release|Any CPU = Release|Any CPU
	EndGlobalSection
	GlobalSection(ProjectConfigurationPlatforms) = postSolution
		{5164CE17-99A4-43E2-9A39-C8CB98635330}.Debug|Any CPU.ActiveCfg = Debug|Any CPU
		{5164CE17-99A4-43E2-9A39-C8CB98635330}.Debug|Any CPU.Build.0 = Debug|Any CPU
		{5164CE17-99A4-43E2-9A39-C8CB98635330}.Release|Any CPU.ActiveCfg = Release|Any CPU
		{5164CE17-99A4-43E2-9A39-C8CB98635330}.Release|Any CPU.Build.0 = Release|Any CPU
	EndGlobalSection
	GlobalSection(SolutionProperties) = preSolution
		HideSolutionNode = FALSE
	EndGlobalSection
	GlobalSection(ExtensibilityGlobals) = postSolution
		SolutionGuid = {E0B285C1-97EC-4579-92A8-503FC6E0727F}
	EndGlobalSection
EndGlobal
